
Microsoft Visual Studio Solution File, Format Version 12.00
Project("{2150E333-8FDC-42A3-9474-1A3956D46DE8}") = "src", "src", "{739CD947-A779-4236-BA92-B84BD941B6FD}"
EndProject
Project("{FAE04EC0-301F-11D3-BF4B-00C04F79EFBC}") = "Clientv4", "src\clientv4\Clientv4.csproj", "{0CB3BA50-91F1-4A19-8024-4CA9FB967A59}"
EndProject
Project("{FAE04EC0-301F-11D3-BF4B-00C04F79EFBC}") = "ModLoader", "src\ModLoader\ModLoader.csproj", "{2B2F46EA-3990-4FD9-9AED-C401B6CF58CE}"
EndProject
Project("{2150E333-8FDC-42A3-9474-1A3956D46DE8}") = "mods", "mods", "{CC3E7CED-1B78-4FBD-B9E6-33323AFF92A0}"
EndProject
Project("{FAE04EC0-301F-11D3-BF4B-00C04F79EFBC}") = "Core", "mods\Core\Core.csproj", "{40D94DFB-2F2F-4C7C-A847-682B40543DE3}"
EndProject
Project("{2150E333-8FDC-42A3-9474-1A3956D46DE8}") = "tests", "tests", "{414A3DBA-E133-4A6A-AC8B-26A50E4CF521}"
EndProject
Project("{FAE04EC0-301F-11D3-BF4B-00C04F79EFBC}") = "UnitTest", "tests\UnitTest\UnitTest.csproj", "{744E8569-6309-45EC-8129-6E624B9DB10D}"
EndProject
Global
	GlobalSection(SolutionConfigurationPlatforms) = preSolution
		Debug|Any CPU = Debug|Any CPU
		Release|Any CPU = Release|Any CPU
	EndGlobalSection
	GlobalSection(NestedProjects) = preSolution
		{0CB3BA50-91F1-4A19-8024-4CA9FB967A59} = {739CD947-A779-4236-BA92-B84BD941B6FD}
		{2B2F46EA-3990-4FD9-9AED-C401B6CF58CE} = {739CD947-A779-4236-BA92-B84BD941B6FD}
		{40D94DFB-2F2F-4C7C-A847-682B40543DE3} = {CC3E7CED-1B78-4FBD-B9E6-33323AFF92A0}
		{744E8569-6309-45EC-8129-6E624B9DB10D} = {414A3DBA-E133-4A6A-AC8B-26A50E4CF521}
	EndGlobalSection
	GlobalSection(ProjectConfigurationPlatforms) = postSolution
		{0CB3BA50-91F1-4A19-8024-4CA9FB967A59}.Debug|Any CPU.ActiveCfg = Debug|Any CPU
		{0CB3BA50-91F1-4A19-8024-4CA9FB967A59}.Debug|Any CPU.Build.0 = Debug|Any CPU
		{0CB3BA50-91F1-4A19-8024-4CA9FB967A59}.Release|Any CPU.ActiveCfg = Debug|Any CPU
		{0CB3BA50-91F1-4A19-8024-4CA9FB967A59}.Release|Any CPU.Build.0 = Debug|Any CPU
		{2B2F46EA-3990-4FD9-9AED-C401B6CF58CE}.Debug|Any CPU.ActiveCfg = Debug|Any CPU
		{2B2F46EA-3990-4FD9-9AED-C401B6CF58CE}.Debug|Any CPU.Build.0 = Debug|Any CPU
		{2B2F46EA-3990-4FD9-9AED-C401B6CF58CE}.Release|Any CPU.ActiveCfg = Release|Any CPU
		{2B2F46EA-3990-4FD9-9AED-C401B6CF58CE}.Release|Any CPU.Build.0 = Release|Any CPU
		{40D94DFB-2F2F-4C7C-A847-682B40543DE3}.Debug|Any CPU.ActiveCfg = Debug|Any CPU
		{40D94DFB-2F2F-4C7C-A847-682B40543DE3}.Debug|Any CPU.Build.0 = Debug|Any CPU
		{40D94DFB-2F2F-4C7C-A847-682B40543DE3}.Release|Any CPU.ActiveCfg = Release|Any CPU
		{40D94DFB-2F2F-4C7C-A847-682B40543DE3}.Release|Any CPU.Build.0 = Release|Any CPU
		{744E8569-6309-45EC-8129-6E624B9DB10D}.Debug|Any CPU.ActiveCfg = Debug|Any CPU
		{744E8569-6309-45EC-8129-6E624B9DB10D}.Debug|Any CPU.Build.0 = Debug|Any CPU
		{744E8569-6309-45EC-8129-6E624B9DB10D}.Release|Any CPU.ActiveCfg = Release|Any CPU
		{744E8569-6309-45EC-8129-6E624B9DB10D}.Release|Any CPU.Build.0 = Release|Any CPU
	EndGlobalSection
EndGlobal
